
Microsoft Visual Studio Solution File, Format Version 12.00
# Visual Studio 15
VisualStudioVersion = 15.0.27703.2018
MinimumVisualStudioVersion = 10.0.40219.1
Project("{9A19103F-16F7-4668-BE54-9A1E7A4F7556}") = "IntegrationTest", "IntegrationTest\IntegrationTest.csproj", "{51558614-F1F7-44BF-A3C8-41E5F34D1C1D}"
EndProject
Project("{FAE04EC0-301F-11D3-BF4B-00C04F79EFBC}") = "IntegrationTestTests", "IntegrationTestTests\IntegrationTestTests.csproj", "{0F3ADE57-8340-4A64-B9F2-E43B5B422803}"
EndProject
Global
	GlobalSection(SolutionConfigurationPlatforms) = preSolution
		Debug|Any CPU = Debug|Any CPU
		Release|Any CPU = Release|Any CPU
	EndGlobalSection
	GlobalSection(ProjectConfigurationPlatforms) = postSolution
		{51558614-F1F7-44BF-A3C8-41E5F34D1C1D}.Debug|Any CPU.ActiveCfg = Debug|Any CPU
		{51558614-F1F7-44BF-A3C8-41E5F34D1C1D}.Debug|Any CPU.Build.0 = Debug|Any CPU
		{51558614-F1F7-44BF-A3C8-41E5F34D1C1D}.Release|Any CPU.ActiveCfg = Release|Any CPU
		{51558614-F1F7-44BF-A3C8-41E5F34D1C1D}.Release|Any CPU.Build.0 = Release|Any CPU
		{0F3ADE57-8340-4A64-B9F2-E43B5B422803}.Debug|Any CPU.ActiveCfg = Debug|Any CPU
		{0F3ADE57-8340-4A64-B9F2-E43B5B422803}.Debug|Any CPU.Build.0 = Debug|Any CPU
		{0F3ADE57-8340-4A64-B9F2-E43B5B422803}.Release|Any CPU.ActiveCfg = Release|Any CPU
		{0F3ADE57-8340-4A64-B9F2-E43B5B422803}.Release|Any CPU.Build.0 = Release|Any CPU
	EndGlobalSection
	GlobalSection(SolutionProperties) = preSolution
		HideSolutionNode = FALSE
	EndGlobalSection
	GlobalSection(ExtensibilityGlobals) = postSolution
		SolutionGuid = {41004F6B-25B5-42A8-976B-D6B74B2F36A0}
	EndGlobalSection
EndGlobal
